// !$*UTF8*$!
{
	archiveVersion = 1;
	classes = {
	};
	objectVersion = 50;
	objects = {

/* Begin PBXBuildFile section */
		D9BFF57D24461BC50032D061 /* AppDelegate.swift in Sources */ = {isa = PBXBuildFile; fileRef = D9BFF57C24461BC50032D061 /* AppDelegate.swift */; };
		D9BFF57F24461BC50032D061 /* SceneDelegate.swift in Sources */ = {isa = PBXBuildFile; fileRef = D9BFF57E24461BC50032D061 /* SceneDelegate.swift */; };
		D9BFF58124461BC50032D061 /* ContentView.swift in Sources */ = {isa = PBXBuildFile; fileRef = D9BFF58024461BC50032D061 /* ContentView.swift */; };
		D9BFF58324461BC70032D061 /* Assets.xcassets in Resources */ = {isa = PBXBuildFile; fileRef = D9BFF58224461BC70032D061 /* Assets.xcassets */; };
		D9BFF58624461BC70032D061 /* Preview Assets.xcassets in Resources */ = {isa = PBXBuildFile; fileRef = D9BFF58524461BC70032D061 /* Preview Assets.xcassets */; };
		D9BFF58924461BC70032D061 /* LaunchScreen.storyboard in Resources */ = {isa = PBXBuildFile; fileRef = D9BFF58724461BC70032D061 /* LaunchScreen.storyboard */; };
		D9BFF59124461BE70032D061 /* Cartfile in Resources */ = {isa = PBXBuildFile; fileRef = D9BFF59024461BE70032D061 /* Cartfile */; };
		D9BFF59524461CDE0032D061 /* FiskalyClient.framework in Frameworks */ = {isa = PBXBuildFile; fileRef = D9BFF59424461CDE0032D061 /* FiskalyClient.framework */; };
		D9BFF59724461CE40032D061 /* FiskalySDK.framework in Frameworks */ = {isa = PBXBuildFile; fileRef = D9BFF59624461CE40032D061 /* FiskalySDK.framework */; };
/* End PBXBuildFile section */

/* Begin PBXFileReference section */
		D9BFF57924461BC50032D061 /* FiskalySDKDemo.app */ = {isa = PBXFileReference; explicitFileType = wrapper.application; includeInIndex = 0; path = FiskalySDKDemo.app; sourceTree = BUILT_PRODUCTS_DIR; };
		D9BFF57C24461BC50032D061 /* AppDelegate.swift */ = {isa = PBXFileReference; lastKnownFileType = sourcecode.swift; path = AppDelegate.swift; sourceTree = "<group>"; };
		D9BFF57E24461BC50032D061 /* SceneDelegate.swift */ = {isa = PBXFileReference; lastKnownFileType = sourcecode.swift; path = SceneDelegate.swift; sourceTree = "<group>"; };
		D9BFF58024461BC50032D061 /* ContentView.swift */ = {isa = PBXFileReference; lastKnownFileType = sourcecode.swift; path = ContentView.swift; sourceTree = "<group>"; };
		D9BFF58224461BC70032D061 /* Assets.xcassets */ = {isa = PBXFileReference; lastKnownFileType = folder.assetcatalog; path = Assets.xcassets; sourceTree = "<group>"; };
		D9BFF58524461BC70032D061 /* Preview Assets.xcassets */ = {isa = PBXFileReference; lastKnownFileType = folder.assetcatalog; path = "Preview Assets.xcassets"; sourceTree = "<group>"; };
		D9BFF58824461BC70032D061 /* Base */ = {isa = PBXFileReference; lastKnownFileType = file.storyboard; name = Base; path = Base.lproj/LaunchScreen.storyboard; sourceTree = "<group>"; };
		D9BFF58A24461BC70032D061 /* Info.plist */ = {isa = PBXFileReference; lastKnownFileType = text.plist.xml; path = Info.plist; sourceTree = "<group>"; };
		D9BFF59024461BE70032D061 /* Cartfile */ = {isa = PBXFileReference; fileEncoding = 4; lastKnownFileType = text; path = Cartfile; sourceTree = "<group>"; };
		D9BFF59424461CDE0032D061 /* FiskalyClient.framework */ = {isa = PBXFileReference; lastKnownFileType = wrapper.framework; name = FiskalyClient.framework; path = Carthage/Build/iOS/FiskalyClient.framework; sourceTree = "<group>"; };
		D9BFF59624461CE40032D061 /* FiskalySDK.framework */ = {isa = PBXFileReference; lastKnownFileType = wrapper.framework; name = FiskalySDK.framework; path = Carthage/Build/iOS/Static/FiskalySDK.framework; sourceTree = "<group>"; };
/* End PBXFileReference section */

/* Begin PBXFrameworksBuildPhase section */
		D9BFF57624461BC50032D061 /* Frameworks */ = {
			isa = PBXFrameworksBuildPhase;
			buildActionMask = 2147483647;
			files = (
				D9BFF59524461CDE0032D061 /* FiskalyClient.framework in Frameworks */,
				D9BFF59724461CE40032D061 /* FiskalySDK.framework in Frameworks */,
			);
			runOnlyForDeploymentPostprocessing = 0;
		};
/* End PBXFrameworksBuildPhase section */

/* Begin PBXGroup section */
		D9BFF57024461BC50032D061 = {
			isa = PBXGroup;
			children = (
				D9BFF57B24461BC50032D061 /* FiskalySDKDemo */,
				D9BFF57A24461BC50032D061 /* Products */,
				D9BFF59024461BE70032D061 /* Cartfile */,
				D9BFF59424461CDE0032D061 /* FiskalyClient.framework */,
				D9BFF59624461CE40032D061 /* FiskalySDK.framework */,
			);
			sourceTree = "<group>";
		};
		D9BFF57A24461BC50032D061 /* Products */ = {
			isa = PBXGroup;
			children = (
				D9BFF57924461BC50032D061 /* FiskalySDKDemo.app */,
			);
			name = Products;
			sourceTree = "<group>";
		};
		D9BFF57B24461BC50032D061 /* FiskalySDKDemo */ = {
			isa = PBXGroup;
			children = (
				D9BFF57C24461BC50032D061 /* AppDelegate.swift */,
				D9BFF57E24461BC50032D061 /* SceneDelegate.swift */,
				D9BFF58024461BC50032D061 /* ContentView.swift */,
				D9BFF58224461BC70032D061 /* Assets.xcassets */,
				D9BFF58724461BC70032D061 /* LaunchScreen.storyboard */,
				D9BFF58A24461BC70032D061 /* Info.plist */,
				D9BFF58424461BC70032D061 /* Preview Content */,
			);
			path = FiskalySDKDemo;
			sourceTree = "<group>";
		};
		D9BFF58424461BC70032D061 /* Preview Content */ = {
			isa = PBXGroup;
			children = (
				D9BFF58524461BC70032D061 /* Preview Assets.xcassets */,
			);
			path = "Preview Content";
			sourceTree = "<group>";
		};
/* End PBXGroup section */

/* Begin PBXNativeTarget section */
		D9BFF57824461BC50032D061 /* FiskalySDKDemo */ = {
			isa = PBXNativeTarget;
			buildConfigurationList = D9BFF58D24461BC70032D061 /* Build configuration list for PBXNativeTarget "FiskalySDKDemo" */;
			buildPhases = (
				D9BFF57524461BC50032D061 /* Sources */,
				D9BFF57624461BC50032D061 /* Frameworks */,
				D9BFF57724461BC50032D061 /* Resources */,
			);
			buildRules = (
			);
			dependencies = (
			);
			name = FiskalySDKDemo;
			productName = FiskalySDKDemo;
			productReference = D9BFF57924461BC50032D061 /* FiskalySDKDemo.app */;
			productType = "com.apple.product-type.application";
		};
/* End PBXNativeTarget section */

/* Begin PBXProject section */
		D9BFF57124461BC50032D061 /* Project object */ = {
			isa = PBXProject;
			attributes = {
				LastSwiftUpdateCheck = 1140;
				LastUpgradeCheck = 1140;
				ORGANIZATIONNAME = fiskaly;
				TargetAttributes = {
					D9BFF57824461BC50032D061 = {
						CreatedOnToolsVersion = 11.4;
					};
				};
			};
			buildConfigurationList = D9BFF57424461BC50032D061 /* Build configuration list for PBXProject "FiskalySDKDemo" */;
			compatibilityVersion = "Xcode 9.3";
			developmentRegion = en;
			hasScannedForEncodings = 0;
			knownRegions = (
				en,
				Base,
			);
			mainGroup = D9BFF57024461BC50032D061;
			productRefGroup = D9BFF57A24461BC50032D061 /* Products */;
			projectDirPath = "";
			projectRoot = "";
			targets = (
				D9BFF57824461BC50032D061 /* FiskalySDKDemo */,
			);
		};
/* End PBXProject section */

/* Begin PBXResourcesBuildPhase section */
		D9BFF57724461BC50032D061 /* Resources */ = {
			isa = PBXResourcesBuildPhase;
			buildActionMask = 2147483647;
			files = (
				D9BFF58924461BC70032D061 /* LaunchScreen.storyboard in Resources */,
				D9BFF58624461BC70032D061 /* Preview Assets.xcassets in Resources */,
				D9BFF59124461BE70032D061 /* Cartfile in Resources */,
				D9BFF58324461BC70032D061 /* Assets.xcassets in Resources */,
			);
			runOnlyForDeploymentPostprocessing = 0;
		};
/* End PBXResourcesBuildPhase section */

/* Begin PBXSourcesBuildPhase section */
		D9BFF57524461BC50032D061 /* Sources */ = {
			isa = PBXSourcesBuildPhase;
			buildActionMask = 2147483647;
			files = (
				D9BFF57D24461BC50032D061 /* AppDelegate.swift in Sources */,
				D9BFF57F24461BC50032D061 /* SceneDelegate.swift in Sources */,
				D9BFF58124461BC50032D061 /* ContentView.swift in Sources */,
			);
			runOnlyForDeploymentPostprocessing = 0;
		};
/* End PBXSourcesBuildPhase section */

/* Begin PBXVariantGroup section */
		D9BFF58724461BC70032D061 /* LaunchScreen.storyboard */ = {
			isa = PBXVariantGroup;
			children = (
				D9BFF58824461BC70032D061 /* Base */,
			);
			name = LaunchScreen.storyboard;
			sourceTree = "<group>";
		};
/* End PBXVariantGroup section */

/* Begin XCBuildConfiguration section */
		D9BFF58B24461BC70032D061 /* Debug */ = {
			isa = XCBuildConfiguration;
			buildSettings = {
				ALWAYS_SEARCH_USER_PATHS = NO;
				CLANG_ANALYZER_NONNULL = YES;
				CLANG_ANALYZER_NUMBER_OBJECT_CONVERSION = YES_AGGRESSIVE;
				CLANG_CXX_LANGUAGE_STANDARD = "gnu++14";
				CLANG_CXX_LIBRARY = "libc++";
				CLANG_ENABLE_MODULES = YES;
				CLANG_ENABLE_OBJC_ARC = YES;
				CLANG_ENABLE_OBJC_WEAK = YES;
				CLANG_WARN_BLOCK_CAPTURE_AUTORELEASING = YES;
				CLANG_WARN_BOOL_CONVERSION = YES;
				CLANG_WARN_COMMA = YES;
				CLANG_WARN_CONSTANT_CONVERSION = YES;
				CLANG_WARN_DEPRECATED_OBJC_IMPLEMENTATIONS = YES;
				CLANG_WARN_DIRECT_OBJC_ISA_USAGE = YES_ERROR;
				CLANG_WARN_DOCUMENTATION_COMMENTS = YES;
				CLANG_WARN_EMPTY_BODY = YES;
				CLANG_WARN_ENUM_CONVERSION = YES;
				CLANG_WARN_INFINITE_RECURSION = YES;
				CLANG_WARN_INT_CONVERSION = YES;
				CLANG_WARN_NON_LITERAL_NULL_CONVERSION = YES;
				CLANG_WARN_OBJC_IMPLICIT_RETAIN_SELF = YES;
				CLANG_WARN_OBJC_LITERAL_CONVERSION = YES;
				CLANG_WARN_OBJC_ROOT_CLASS = YES_ERROR;
				CLANG_WARN_RANGE_LOOP_ANALYSIS = YES;
				CLANG_WARN_STRICT_PROTOTYPES = YES;
				CLANG_WARN_SUSPICIOUS_MOVE = YES;
				CLANG_WARN_UNGUARDED_AVAILABILITY = YES_AGGRESSIVE;
				CLANG_WARN_UNREACHABLE_CODE = YES;
				CLANG_WARN__DUPLICATE_METHOD_MATCH = YES;
				COPY_PHASE_STRIP = NO;
				DEBUG_INFORMATION_FORMAT = dwarf;
				ENABLE_STRICT_OBJC_MSGSEND = YES;
				ENABLE_TESTABILITY = YES;
				GCC_C_LANGUAGE_STANDARD = gnu11;
				GCC_DYNAMIC_NO_PIC = NO;
				GCC_NO_COMMON_BLOCKS = YES;
				GCC_OPTIMIZATION_LEVEL = 0;
				GCC_PREPROCESSOR_DEFINITIONS = (
					"DEBUG=1",
					"$(inherited)",
				);
				GCC_WARN_64_TO_32_BIT_CONVERSION = YES;
				GCC_WARN_ABOUT_RETURN_TYPE = YES_ERROR;
				GCC_WARN_UNDECLARED_SELECTOR = YES;
				GCC_WARN_UNINITIALIZED_AUTOS = YES_AGGRESSIVE;
				GCC_WARN_UNUSED_FUNCTION = YES;
				GCC_WARN_UNUSED_VARIABLE = YES;
				IPHONEOS_DEPLOYMENT_TARGET = 13.4;
				MTL_ENABLE_DEBUG_INFO = INCLUDE_SOURCE;
				MTL_FAST_MATH = YES;
				ONLY_ACTIVE_ARCH = YES;
				SDKROOT = iphoneos;
				SWIFT_ACTIVE_COMPILATION_CONDITIONS = DEBUG;
				SWIFT_OPTIMIZATION_LEVEL = "-Onone";
			};
			name = Debug;
		};
		D9BFF58C24461BC70032D061 /* Release */ = {
			isa = XCBuildConfiguration;
			buildSettings = {
				ALWAYS_SEARCH_USER_PATHS = NO;
				CLANG_ANALYZER_NONNULL = YES;
				CLANG_ANALYZER_NUMBER_OBJECT_CONVERSION = YES_AGGRESSIVE;
				CLANG_CXX_LANGUAGE_STANDARD = "gnu++14";
				CLANG_CXX_LIBRARY = "libc++";
				CLANG_ENABLE_MODULES = YES;
				CLANG_ENABLE_OBJC_ARC = YES;
				CLANG_ENABLE_OBJC_WEAK = YES;
				CLANG_WARN_BLOCK_CAPTURE_AUTORELEASING = YES;
				CLANG_WARN_BOOL_CONVERSION = YES;
				CLANG_WARN_COMMA = YES;
				CLANG_WARN_CONSTANT_CONVERSION = YES;
				CLANG_WARN_DEPRECATED_OBJC_IMPLEMENTATIONS = YES;
				CLANG_WARN_DIRECT_OBJC_ISA_USAGE = YES_ERROR;
				CLANG_WARN_DOCUMENTATION_COMMENTS = YES;
				CLANG_WARN_EMPTY_BODY = YES;
				CLANG_WARN_ENUM_CONVERSION = YES;
				CLANG_WARN_INFINITE_RECURSION = YES;
				CLANG_WARN_INT_CONVERSION = YES;
				CLANG_WARN_NON_LITERAL_NULL_CONVERSION = YES;
				CLANG_WARN_OBJC_IMPLICIT_RETAIN_SELF = YES;
				CLANG_WARN_OBJC_LITERAL_CONVERSION = YES;
				CLANG_WARN_OBJC_ROOT_CLASS = YES_ERROR;
				CLANG_WARN_RANGE_LOOP_ANALYSIS = YES;
				CLANG_WARN_STRICT_PROTOTYPES = YES;
				CLANG_WARN_SUSPICIOUS_MOVE = YES;
				CLANG_WARN_UNGUARDED_AVAILABILITY = YES_AGGRESSIVE;
				CLANG_WARN_UNREACHABLE_CODE = YES;
				CLANG_WARN__DUPLICATE_METHOD_MATCH = YES;
				COPY_PHASE_STRIP = NO;
				DEBUG_INFORMATION_FORMAT = "dwarf-with-dsym";
				ENABLE_NS_ASSERTIONS = NO;
				ENABLE_STRICT_OBJC_MSGSEND = YES;
				GCC_C_LANGUAGE_STANDARD = gnu11;
				GCC_NO_COMMON_BLOCKS = YES;
				GCC_WARN_64_TO_32_BIT_CONVERSION = YES;
				GCC_WARN_ABOUT_RETURN_TYPE = YES_ERROR;
				GCC_WARN_UNDECLARED_SELECTOR = YES;
				GCC_WARN_UNINITIALIZED_AUTOS = YES_AGGRESSIVE;
				GCC_WARN_UNUSED_FUNCTION = YES;
				GCC_WARN_UNUSED_VARIABLE = YES;
				IPHONEOS_DEPLOYMENT_TARGET = 13.4;
				MTL_ENABLE_DEBUG_INFO = NO;
				MTL_FAST_MATH = YES;
				SDKROOT = iphoneos;
				SWIFT_COMPILATION_MODE = wholemodule;
				SWIFT_OPTIMIZATION_LEVEL = "-O";
				VALIDATE_PRODUCT = YES;
			};
			name = Release;
		};
		D9BFF58E24461BC70032D061 /* Debug */ = {
			isa = XCBuildConfiguration;
			buildSettings = {
				ASSETCATALOG_COMPILER_APPICON_NAME = AppIcon;
				CODE_SIGN_STYLE = Automatic;
				DEVELOPMENT_ASSET_PATHS = "\"FiskalySDKDemo/Preview Content\"";
				ENABLE_PREVIEWS = YES;
				FRAMEWORK_SEARCH_PATHS = (
					"$(inherited)",
					"$(PROJECT_DIR)/Carthage/Build/iOS",
					"$(PROJECT_DIR)/Carthage/Build/iOS/Static",
				);
				INFOPLIST_FILE = FiskalySDKDemo/Info.plist;
				LD_RUNPATH_SEARCH_PATHS = (
					"$(inherited)",
					"@executable_path/Frameworks",
				);
				PRODUCT_BUNDLE_IDENTIFIER = com.fiskaly.FiskalySDKDemo;
				PRODUCT_NAME = "$(TARGET_NAME)";
				SWIFT_VERSION = 5.0;
				TARGETED_DEVICE_FAMILY = "1,2";
			};
			name = Debug;
		};
		D9BFF58F24461BC70032D061 /* Release */ = {
			isa = XCBuildConfiguration;
			buildSettings = {
				ASSETCATALOG_COMPILER_APPICON_NAME = AppIcon;
				CODE_SIGN_STYLE = Automatic;
				DEVELOPMENT_ASSET_PATHS = "\"FiskalySDKDemo/Preview Content\"";
				ENABLE_PREVIEWS = YES;
				FRAMEWORK_SEARCH_PATHS = (
					"$(inherited)",
					"$(PROJECT_DIR)/Carthage/Build/iOS",
					"$(PROJECT_DIR)/Carthage/Build/iOS/Static",
				);
				INFOPLIST_FILE = FiskalySDKDemo/Info.plist;
				LD_RUNPATH_SEARCH_PATHS = (
					"$(inherited)",
					"@executable_path/Frameworks",
				);
				PRODUCT_BUNDLE_IDENTIFIER = com.fiskaly.FiskalySDKDemo;
				PRODUCT_NAME = "$(TARGET_NAME)";
				SWIFT_VERSION = 5.0;
				TARGETED_DEVICE_FAMILY = "1,2";
			};
			name = Release;
		};
/* End XCBuildConfiguration section */

/* Begin XCConfigurationList section */
		D9BFF57424461BC50032D061 /* Build configuration list for PBXProject "FiskalySDKDemo" */ = {
			isa = XCConfigurationList;
			buildConfigurations = (
				D9BFF58B24461BC70032D061 /* Debug */,
				D9BFF58C24461BC70032D061 /* Release */,
			);
			defaultConfigurationIsVisible = 0;
			defaultConfigurationName = Release;
		};
		D9BFF58D24461BC70032D061 /* Build configuration list for PBXNativeTarget "FiskalySDKDemo" */ = {
			isa = XCConfigurationList;
			buildConfigurations = (
				D9BFF58E24461BC70032D061 /* Debug */,
				D9BFF58F24461BC70032D061 /* Release */,
			);
			defaultConfigurationIsVisible = 0;
			defaultConfigurationName = Release;
		};
/* End XCConfigurationList section */
	};
	rootObject = D9BFF57124461BC50032D061 /* Project object */;
}
